
Microsoft Visual Studio Solution File, Format Version 12.00
# Visual Studio Version 16
VisualStudioVersion = 16.0.30330.147
MinimumVisualStudioVersion = 10.0.40219.1
Project("{FAE04EC0-301F-11D3-BF4B-00C04F79EFBC}") = "AspNetCoreBug", "AspNetCoreBug\AspNetCoreBug.csproj", "{4AC36AD9-D71E-478B-84DC-D10C20086EA8}"
EndProject
Project("{FAE04EC0-301F-11D3-BF4B-00C04F79EFBC}") = "Client", "Client\Client.csproj", "{878EF4FE-A24C-4C0B-89FB-427C6302C176}"
EndProject
Global
	GlobalSection(SolutionConfigurationPlatforms) = preSolution
		Debug|Any CPU = Debug|Any CPU
		Release|Any CPU = Release|Any CPU
	EndGlobalSection
	GlobalSection(ProjectConfigurationPlatforms) = postSolution
		{4AC36AD9-D71E-478B-84DC-D10C20086EA8}.Debug|Any CPU.ActiveCfg = Debug|Any CPU
		{4AC36AD9-D71E-478B-84DC-D10C20086EA8}.Debug|Any CPU.Build.0 = Debug|Any CPU
		{4AC36AD9-D71E-478B-84DC-D10C20086EA8}.Release|Any CPU.ActiveCfg = Release|Any CPU
		{4AC36AD9-D71E-478B-84DC-D10C20086EA8}.Release|Any CPU.Build.0 = Release|Any CPU
		{878EF4FE-A24C-4C0B-89FB-427C6302C176}.Debug|Any CPU.ActiveCfg = Debug|Any CPU
		{878EF4FE-A24C-4C0B-89FB-427C6302C176}.Debug|Any CPU.Build.0 = Debug|Any CPU
		{878EF4FE-A24C-4C0B-89FB-427C6302C176}.Release|Any CPU.ActiveCfg = Release|Any CPU
		{878EF4FE-A24C-4C0B-89FB-427C6302C176}.Release|Any CPU.Build.0 = Release|Any CPU
	EndGlobalSection
	GlobalSection(SolutionProperties) = preSolution
		HideSolutionNode = FALSE
	EndGlobalSection
	GlobalSection(ExtensibilityGlobals) = postSolution
		SolutionGuid = {FE814765-410D-449D-AF4D-BAEF543B2361}
	EndGlobalSection
EndGlobal
